
Microsoft Visual Studio Solution File, Format Version 12.00
# Visual Studio Version 17
VisualStudioVersion = 17.11.35312.102
MinimumVisualStudioVersion = 10.0.40219.1
Project("{FAE04EC0-301F-11D3-BF4B-00C04F79EFBC}") = "Hospital interface Aly shalaby done", "Hospital interface Aly shalaby done.csproj", "{B81617E8-5535-4D91-887B-6881B7A49138}"
EndProject
Global
	GlobalSection(SolutionConfigurationPlatforms) = preSolution
		Debug|Any CPU = Debug|Any CPU
		Release|Any CPU = Release|Any CPU
	EndGlobalSection
	GlobalSection(ProjectConfigurationPlatforms) = postSolution
		{B81617E8-5535-4D91-887B-6881B7A49138}.Debug|Any CPU.ActiveCfg = Debug|Any CPU
		{B81617E8-5535-4D91-887B-6881B7A49138}.Debug|Any CPU.Build.0 = Debug|Any CPU
		{B81617E8-5535-4D91-887B-6881B7A49138}.Release|Any CPU.ActiveCfg = Release|Any CPU
		{B81617E8-5535-4D91-887B-6881B7A49138}.Release|Any CPU.Build.0 = Release|Any CPU
	EndGlobalSection
	GlobalSection(SolutionProperties) = preSolution
		HideSolutionNode = FALSE
	EndGlobalSection
	GlobalSection(ExtensibilityGlobals) = postSolution
		SolutionGuid = {35636E87-3898-4D43-A9A8-15263940A2B6}
	EndGlobalSection
EndGlobal
